
Microsoft Visual Studio Solution File, Format Version 12.00
# Visual Studio Version 17
VisualStudioVersion = 17.13.35806.99 d17.13
MinimumVisualStudioVersion = 10.0.40219.1
Project("{FAE04EC0-301F-11D3-BF4B-00C04F79EFBC}") = "Fire Sales - Sales Management System", "Fire Sales - Sales Management System\Fire Sales - Sales Management System.csproj", "{2827DB20-662E-4BD2-8CD1-7C3B107288EA}"
EndProject
Global
	GlobalSection(SolutionConfigurationPlatforms) = preSolution
		Debug|Any CPU = Debug|Any CPU
		Release|Any CPU = Release|Any CPU
	EndGlobalSection
	GlobalSection(ProjectConfigurationPlatforms) = postSolution
		{2827DB20-662E-4BD2-8CD1-7C3B107288EA}.Debug|Any CPU.ActiveCfg = Debug|Any CPU
		{2827DB20-662E-4BD2-8CD1-7C3B107288EA}.Debug|Any CPU.Build.0 = Debug|Any CPU
		{2827DB20-662E-4BD2-8CD1-7C3B107288EA}.Release|Any CPU.ActiveCfg = Release|Any CPU
		{2827DB20-662E-4BD2-8CD1-7C3B107288EA}.Release|Any CPU.Build.0 = Release|Any CPU
	EndGlobalSection
	GlobalSection(SolutionProperties) = preSolution
		HideSolutionNode = FALSE
	EndGlobalSection
	GlobalSection(ExtensibilityGlobals) = postSolution
		SolutionGuid = {2D399041-9B50-4B88-A127-D9F09B94E358}
	EndGlobalSection
EndGlobal
